
Microsoft Visual Studio Solution File, Format Version 12.00
# Visual Studio Version 16
VisualStudioVersion = 16.0.30503.244
MinimumVisualStudioVersion = 10.0.40219.1
Project("{9A19103F-16F7-4668-BE54-9A1E7A4F7556}") = "DataAccess", "DataAccess\DataAccess.csproj", "{5108AB80-F45B-4C36-A897-A420E4BC7B9E}"
EndProject
Project("{9A19103F-16F7-4668-BE54-9A1E7A4F7556}") = "Business", "Business\Business.csproj", "{D1ECCEF9-9D61-4000-B22B-48C2259CE321}"
EndProject
Project("{9A19103F-16F7-4668-BE54-9A1E7A4F7556}") = "Entities", "Entities\Entities.csproj", "{961D7BAC-8F58-434F-9C7B-ECF5BC93D8D9}"
EndProject
Project("{9A19103F-16F7-4668-BE54-9A1E7A4F7556}") = "ConsoleUI", "ConsoleUI\ConsoleUI.csproj", "{86DBC275-6521-4151-85FD-6E6F8BC0F4BD}"
EndProject
Project("{9A19103F-16F7-4668-BE54-9A1E7A4F7556}") = "Core", "Core\Core.csproj", "{A4FB404E-C75B-4CD1-B7C3-9BC08690A66E}"
EndProject
Project("{FAE04EC0-301F-11D3-BF4B-00C04F79EFBC}") = "WebAPI", "WebAPI\WebAPI.csproj", "{49535511-9C20-4AEE-A355-8B432C5574EB}"
EndProject
Global
	GlobalSection(SolutionConfigurationPlatforms) = preSolution
		Debug|Any CPU = Debug|Any CPU
		Release|Any CPU = Release|Any CPU
	EndGlobalSection
	GlobalSection(ProjectConfigurationPlatforms) = postSolution
		{5108AB80-F45B-4C36-A897-A420E4BC7B9E}.Debug|Any CPU.ActiveCfg = Debug|Any CPU
		{5108AB80-F45B-4C36-A897-A420E4BC7B9E}.Debug|Any CPU.Build.0 = Debug|Any CPU
		{5108AB80-F45B-4C36-A897-A420E4BC7B9E}.Release|Any CPU.ActiveCfg = Release|Any CPU
		{5108AB80-F45B-4C36-A897-A420E4BC7B9E}.Release|Any CPU.Build.0 = Release|Any CPU
		{D1ECCEF9-9D61-4000-B22B-48C2259CE321}.Debug|Any CPU.ActiveCfg = Debug|Any CPU
		{D1ECCEF9-9D61-4000-B22B-48C2259CE321}.Debug|Any CPU.Build.0 = Debug|Any CPU
		{D1ECCEF9-9D61-4000-B22B-48C2259CE321}.Release|Any CPU.ActiveCfg = Release|Any CPU
		{D1ECCEF9-9D61-4000-B22B-48C2259CE321}.Release|Any CPU.Build.0 = Release|Any CPU
		{961D7BAC-8F58-434F-9C7B-ECF5BC93D8D9}.Debug|Any CPU.ActiveCfg = Debug|Any CPU
		{961D7BAC-8F58-434F-9C7B-ECF5BC93D8D9}.Debug|Any CPU.Build.0 = Debug|Any CPU
		{961D7BAC-8F58-434F-9C7B-ECF5BC93D8D9}.Release|Any CPU.ActiveCfg = Release|Any CPU
		{961D7BAC-8F58-434F-9C7B-ECF5BC93D8D9}.Release|Any CPU.Build.0 = Release|Any CPU
		{86DBC275-6521-4151-85FD-6E6F8BC0F4BD}.Debug|Any CPU.ActiveCfg = Debug|Any CPU
		{86DBC275-6521-4151-85FD-6E6F8BC0F4BD}.Debug|Any CPU.Build.0 = Debug|Any CPU
		{86DBC275-6521-4151-85FD-6E6F8BC0F4BD}.Release|Any CPU.ActiveCfg = Release|Any CPU
		{86DBC275-6521-4151-85FD-6E6F8BC0F4BD}.Release|Any CPU.Build.0 = Release|Any CPU
		{A4FB404E-C75B-4CD1-B7C3-9BC08690A66E}.Debug|Any CPU.ActiveCfg = Debug|Any CPU
		{A4FB404E-C75B-4CD1-B7C3-9BC08690A66E}.Debug|Any CPU.Build.0 = Debug|Any CPU
		{A4FB404E-C75B-4CD1-B7C3-9BC08690A66E}.Release|Any CPU.ActiveCfg = Release|Any CPU
		{A4FB404E-C75B-4CD1-B7C3-9BC08690A66E}.Release|Any CPU.Build.0 = Release|Any CPU
		{49535511-9C20-4AEE-A355-8B432C5574EB}.Debug|Any CPU.ActiveCfg = Debug|Any CPU
		{49535511-9C20-4AEE-A355-8B432C5574EB}.Debug|Any CPU.Build.0 = Debug|Any CPU
		{49535511-9C20-4AEE-A355-8B432C5574EB}.Release|Any CPU.ActiveCfg = Release|Any CPU
		{49535511-9C20-4AEE-A355-8B432C5574EB}.Release|Any CPU.Build.0 = Release|Any CPU
	EndGlobalSection
	GlobalSection(SolutionProperties) = preSolution
		HideSolutionNode = FALSE
	EndGlobalSection
	GlobalSection(ExtensibilityGlobals) = postSolution
		SolutionGuid = {382EC39D-2049-44D3-984F-483C0EA36B77}
	EndGlobalSection
EndGlobal
